
Microsoft Visual Studio Solution File, Format Version 12.00
# Visual Studio Version 17
VisualStudioVersion = 17.1.32407.343
MinimumVisualStudioVersion = 10.0.40219.1
Project("{9A19103F-16F7-4668-BE54-9A1E7A4F7556}") = "DataAPI", "DataAPI.csproj", "{A15AA7FC-318A-4861-9CC9-318D8815CDB8}"
EndProject
Project("{FAE04EC0-301F-11D3-BF4B-00C04F79EFBC}") = "TestesUnitarios", "..\TestesUnitarios\TestesUnitarios.csproj", "{14D44151-778F-4CBA-836B-3EE9790AE4FE}"
EndProject
Global
	GlobalSection(SolutionConfigurationPlatforms) = preSolution
		Debug|Any CPU = Debug|Any CPU
		Release|Any CPU = Release|Any CPU
	EndGlobalSection
	GlobalSection(ProjectConfigurationPlatforms) = postSolution
		{A15AA7FC-318A-4861-9CC9-318D8815CDB8}.Debug|Any CPU.ActiveCfg = Debug|Any CPU
		{A15AA7FC-318A-4861-9CC9-318D8815CDB8}.Debug|Any CPU.Build.0 = Debug|Any CPU
		{A15AA7FC-318A-4861-9CC9-318D8815CDB8}.Release|Any CPU.ActiveCfg = Release|Any CPU
		{A15AA7FC-318A-4861-9CC9-318D8815CDB8}.Release|Any CPU.Build.0 = Release|Any CPU
		{14D44151-778F-4CBA-836B-3EE9790AE4FE}.Debug|Any CPU.ActiveCfg = Debug|Any CPU
		{14D44151-778F-4CBA-836B-3EE9790AE4FE}.Debug|Any CPU.Build.0 = Debug|Any CPU
		{14D44151-778F-4CBA-836B-3EE9790AE4FE}.Release|Any CPU.ActiveCfg = Release|Any CPU
		{14D44151-778F-4CBA-836B-3EE9790AE4FE}.Release|Any CPU.Build.0 = Release|Any CPU
	EndGlobalSection
	GlobalSection(SolutionProperties) = preSolution
		HideSolutionNode = FALSE
	EndGlobalSection
	GlobalSection(ExtensibilityGlobals) = postSolution
		SolutionGuid = {079FEDF7-9E58-49FE-A1D5-BF4E1B268E14}
	EndGlobalSection
EndGlobal
